// !$*UTF8*$!
{
	archiveVersion = 1;
	classes = {
	};
	objectVersion = 55;
	objects = {

/* Begin PBXBuildFile section */
		EDCF6FDC2896C39A00F39032 /* slack-imgs.jpg in Resources */ = {isa = PBXBuildFile; fileRef = EDCF6FDB2896C39A00F39032 /* slack-imgs.jpg */; };
		EDCF6FDD2896C39A00F39032 /* slack-imgs.jpg in Resources */ = {isa = PBXBuildFile; fileRef = EDCF6FDB2896C39A00F39032 /* slack-imgs.jpg */; };
		EDD82D43268E7A6300346625 /* Backdrop.swift in Sources */ = {isa = PBXBuildFile; fileRef = EDD82D35268E7A6200346625 /* Backdrop.swift */; };
		EDD82D44268E7A6300346625 /* Backdrop.swift in Sources */ = {isa = PBXBuildFile; fileRef = EDD82D35268E7A6200346625 /* Backdrop.swift */; };
		EDD82D45268E7A6300346625 /* BackdropView.swift in Sources */ = {isa = PBXBuildFile; fileRef = EDD82D36268E7A6200346625 /* BackdropView.swift */; };
		EDD82D46268E7A6300346625 /* BackdropView.swift in Sources */ = {isa = PBXBuildFile; fileRef = EDD82D36268E7A6200346625 /* BackdropView.swift */; };
		EDD82D47268E7A6300346625 /* Assets.xcassets in Resources */ = {isa = PBXBuildFile; fileRef = EDD82D37268E7A6300346625 /* Assets.xcassets */; };
		EDD82D48268E7A6300346625 /* Assets.xcassets in Resources */ = {isa = PBXBuildFile; fileRef = EDD82D37268E7A6300346625 /* Assets.xcassets */; };
		EDD82D53268E7D2800346625 /* ComposableArchitecture in Frameworks */ = {isa = PBXBuildFile; productRef = EDD82D52268E7D2800346625 /* ComposableArchitecture */; };
		EDD82D55268E7D5F00346625 /* BackdropReducer.swift in Sources */ = {isa = PBXBuildFile; fileRef = EDD82D54268E7D5F00346625 /* BackdropReducer.swift */; };
		EDD82D56268E7D5F00346625 /* BackdropReducer.swift in Sources */ = {isa = PBXBuildFile; fileRef = EDD82D54268E7D5F00346625 /* BackdropReducer.swift */; };
		EDD82D59268E7EF000346625 /* SampleBackdropStore.swift in Sources */ = {isa = PBXBuildFile; fileRef = EDD82D58268E7EF000346625 /* SampleBackdropStore.swift */; };
		EDD82D5A268E7EF000346625 /* SampleBackdropStore.swift in Sources */ = {isa = PBXBuildFile; fileRef = EDD82D58268E7EF000346625 /* SampleBackdropStore.swift */; };
		EDD82D5D268E802000346625 /* ComposableArchitecture in Frameworks */ = {isa = PBXBuildFile; productRef = EDD82D5C268E802000346625 /* ComposableArchitecture */; };
		EDD82D5F268E873400346625 /* UIImage+Extension.swift in Sources */ = {isa = PBXBuildFile; fileRef = EDD82D5E268E873400346625 /* UIImage+Extension.swift */; };
		EDD82D60268E873400346625 /* UIImage+Extension.swift in Sources */ = {isa = PBXBuildFile; fileRef = EDD82D5E268E873400346625 /* UIImage+Extension.swift */; };
		EDD82D62268E876100346625 /* DeepLabV3.mlmodel in Sources */ = {isa = PBXBuildFile; fileRef = EDD82D61268E876100346625 /* DeepLabV3.mlmodel */; };
		EDD82D63268E876100346625 /* DeepLabV3.mlmodel in Sources */ = {isa = PBXBuildFile; fileRef = EDD82D61268E876100346625 /* DeepLabV3.mlmodel */; };
		EDD82D65268E87CA00346625 /* CIImage+Extension.swift in Sources */ = {isa = PBXBuildFile; fileRef = EDD82D64268E87CA00346625 /* CIImage+Extension.swift */; };
		EDD82D66268E87CA00346625 /* CIImage+Extension.swift in Sources */ = {isa = PBXBuildFile; fileRef = EDD82D64268E87CA00346625 /* CIImage+Extension.swift */; };
		EDD82D69268E8CC800346625 /* CoreMLHelpers in Frameworks */ = {isa = PBXBuildFile; productRef = EDD82D68268E8CC800346625 /* CoreMLHelpers */; };
		EDD82D6B268E8D3B00346625 /* test.jpg in Resources */ = {isa = PBXBuildFile; fileRef = EDD82D6A268E8D3B00346625 /* test.jpg */; };
		EDD82D6C268E8D3B00346625 /* test.jpg in Resources */ = {isa = PBXBuildFile; fileRef = EDD82D6A268E8D3B00346625 /* test.jpg */; };
		EDD82D6E268E95D500346625 /* riggs.jpeg in Resources */ = {isa = PBXBuildFile; fileRef = EDD82D6D268E95D500346625 /* riggs.jpeg */; };
		EDD82D6F268E95D500346625 /* riggs.jpeg in Resources */ = {isa = PBXBuildFile; fileRef = EDD82D6D268E95D500346625 /* riggs.jpeg */; };
		EDD82D71268E95F400346625 /* IMG_3953.jpeg in Resources */ = {isa = PBXBuildFile; fileRef = EDD82D70268E95F400346625 /* IMG_3953.jpeg */; };
		EDD82D72268E95F400346625 /* IMG_3953.jpeg in Resources */ = {isa = PBXBuildFile; fileRef = EDD82D70268E95F400346625 /* IMG_3953.jpeg */; };
/* End PBXBuildFile section */

/* Begin PBXFileReference section */
		EDCF6FDB2896C39A00F39032 /* slack-imgs.jpg */ = {isa = PBXFileReference; lastKnownFileType = image.jpeg; path = "slack-imgs.jpg"; sourceTree = "<group>"; };
		EDD82D35268E7A6200346625 /* Backdrop.swift */ = {isa = PBXFileReference; lastKnownFileType = sourcecode.swift; path = Backdrop.swift; sourceTree = "<group>"; };
		EDD82D36268E7A6200346625 /* BackdropView.swift */ = {isa = PBXFileReference; lastKnownFileType = sourcecode.swift; path = BackdropView.swift; sourceTree = "<group>"; };
		EDD82D37268E7A6300346625 /* Assets.xcassets */ = {isa = PBXFileReference; lastKnownFileType = folder.assetcatalog; path = Assets.xcassets; sourceTree = "<group>"; };
		EDD82D3C268E7A6300346625 /* Backdrop.app */ = {isa = PBXFileReference; explicitFileType = wrapper.application; includeInIndex = 0; path = Backdrop.app; sourceTree = BUILT_PRODUCTS_DIR; };
		EDD82D42268E7A6300346625 /* Backdrop.app */ = {isa = PBXFileReference; explicitFileType = wrapper.application; includeInIndex = 0; path = Backdrop.app; sourceTree = BUILT_PRODUCTS_DIR; };
		EDD82D54268E7D5F00346625 /* BackdropReducer.swift */ = {isa = PBXFileReference; lastKnownFileType = sourcecode.swift; path = BackdropReducer.swift; sourceTree = "<group>"; };
		EDD82D58268E7EF000346625 /* SampleBackdropStore.swift */ = {isa = PBXFileReference; lastKnownFileType = sourcecode.swift; path = SampleBackdropStore.swift; sourceTree = "<group>"; };
		EDD82D5E268E873400346625 /* UIImage+Extension.swift */ = {isa = PBXFileReference; lastKnownFileType = sourcecode.swift; path = "UIImage+Extension.swift"; sourceTree = "<group>"; };
		EDD82D61268E876100346625 /* DeepLabV3.mlmodel */ = {isa = PBXFileReference; lastKnownFileType = file.mlmodel; path = DeepLabV3.mlmodel; sourceTree = "<group>"; };
		EDD82D64268E87CA00346625 /* CIImage+Extension.swift */ = {isa = PBXFileReference; lastKnownFileType = sourcecode.swift; path = "CIImage+Extension.swift"; sourceTree = "<group>"; };
		EDD82D6A268E8D3B00346625 /* test.jpg */ = {isa = PBXFileReference; lastKnownFileType = image.jpeg; path = test.jpg; sourceTree = "<group>"; };
		EDD82D6D268E95D500346625 /* riggs.jpeg */ = {isa = PBXFileReference; lastKnownFileType = image.jpeg; path = riggs.jpeg; sourceTree = "<group>"; };
		EDD82D70268E95F400346625 /* IMG_3953.jpeg */ = {isa = PBXFileReference; lastKnownFileType = image.jpeg; path = IMG_3953.jpeg; sourceTree = "<group>"; };
/* End PBXFileReference section */

/* Begin PBXFrameworksBuildPhase section */
		EDD82D39268E7A6300346625 /* Frameworks */ = {
			isa = PBXFrameworksBuildPhase;
			buildActionMask = 2147483647;
			files = (
				EDD82D69268E8CC800346625 /* CoreMLHelpers in Frameworks */,
				EDD82D5D268E802000346625 /* ComposableArchitecture in Frameworks */,
			);
			runOnlyForDeploymentPostprocessing = 0;
		};
		EDD82D3F268E7A6300346625 /* Frameworks */ = {
			isa = PBXFrameworksBuildPhase;
			buildActionMask = 2147483647;
			files = (
				EDD82D53268E7D2800346625 /* ComposableArchitecture in Frameworks */,
			);
			runOnlyForDeploymentPostprocessing = 0;
		};
/* End PBXFrameworksBuildPhase section */

/* Begin PBXGroup section */
		EDD82D2F268E7A6200346625 = {
			isa = PBXGroup;
			children = (
				EDD82D57268E7ED500346625 /* Preview */,
				EDD82D34268E7A6200346625 /* Shared */,
				EDD82D3D268E7A6300346625 /* Products */,
				EDD82D5B268E802000346625 /* Frameworks */,
			);
			sourceTree = "<group>";
		};
		EDD82D34268E7A6200346625 /* Shared */ = {
			isa = PBXGroup;
			children = (
				EDCF6FDB2896C39A00F39032 /* slack-imgs.jpg */,
				EDD82D70268E95F400346625 /* IMG_3953.jpeg */,
				EDD82D6D268E95D500346625 /* riggs.jpeg */,
				EDD82D6A268E8D3B00346625 /* test.jpg */,
				EDD82D61268E876100346625 /* DeepLabV3.mlmodel */,
				EDD82D35268E7A6200346625 /* Backdrop.swift */,
				EDD82D36268E7A6200346625 /* BackdropView.swift */,
				EDD82D37268E7A6300346625 /* Assets.xcassets */,
				EDD82D54268E7D5F00346625 /* BackdropReducer.swift */,
				EDD82D5E268E873400346625 /* UIImage+Extension.swift */,
				EDD82D64268E87CA00346625 /* CIImage+Extension.swift */,
			);
			path = Shared;
			sourceTree = "<group>";
		};
		EDD82D3D268E7A6300346625 /* Products */ = {
			isa = PBXGroup;
			children = (
				EDD82D3C268E7A6300346625 /* Backdrop.app */,
				EDD82D42268E7A6300346625 /* Backdrop.app */,
			);
			name = Products;
			sourceTree = "<group>";
		};
		EDD82D57268E7ED500346625 /* Preview */ = {
			isa = PBXGroup;
			children = (
				EDD82D58268E7EF000346625 /* SampleBackdropStore.swift */,
			);
			path = Preview;
			sourceTree = "<group>";
		};
		EDD82D5B268E802000346625 /* Frameworks */ = {
			isa = PBXGroup;
			children = (
			);
			name = Frameworks;
			sourceTree = "<group>";
		};
/* End PBXGroup section */

/* Begin PBXNativeTarget section */
		EDD82D3B268E7A6300346625 /* Backdrop (iOS) */ = {
			isa = PBXNativeTarget;
			buildConfigurationList = EDD82D4B268E7A6300346625 /* Build configuration list for PBXNativeTarget "Backdrop (iOS)" */;
			buildPhases = (
				EDD82D38268E7A6300346625 /* Sources */,
				EDD82D39268E7A6300346625 /* Frameworks */,
				EDD82D3A268E7A6300346625 /* Resources */,
			);
			buildRules = (
			);
			dependencies = (
			);
			name = "Backdrop (iOS)";
			packageProductDependencies = (
				EDD82D5C268E802000346625 /* ComposableArchitecture */,
				EDD82D68268E8CC800346625 /* CoreMLHelpers */,
			);
			productName = "Backdrop (iOS)";
			productReference = EDD82D3C268E7A6300346625 /* Backdrop.app */;
			productType = "com.apple.product-type.application";
		};
		EDD82D41268E7A6300346625 /* Backdrop (macOS) */ = {
			isa = PBXNativeTarget;
			buildConfigurationList = EDD82D4E268E7A6300346625 /* Build configuration list for PBXNativeTarget "Backdrop (macOS)" */;
			buildPhases = (
				EDD82D3E268E7A6300346625 /* Sources */,
				EDD82D3F268E7A6300346625 /* Frameworks */,
				EDD82D40268E7A6300346625 /* Resources */,
			);
			buildRules = (
			);
			dependencies = (
			);
			name = "Backdrop (macOS)";
			packageProductDependencies = (
				EDD82D52268E7D2800346625 /* ComposableArchitecture */,
			);
			productName = "Backdrop (macOS)";
			productReference = EDD82D42268E7A6300346625 /* Backdrop.app */;
			productType = "com.apple.product-type.application";
		};
/* End PBXNativeTarget section */

/* Begin PBXProject section */
		EDD82D30268E7A6200346625 /* Project object */ = {
			isa = PBXProject;
			attributes = {
				BuildIndependentTargetsInParallel = 1;
				LastSwiftUpdateCheck = 1300;
				LastUpgradeCheck = 1300;
				TargetAttributes = {
					EDD82D3B268E7A6300346625 = {
						CreatedOnToolsVersion = 13.0;
					};
					EDD82D41268E7A6300346625 = {
						CreatedOnToolsVersion = 13.0;
					};
				};
			};
			buildConfigurationList = EDD82D33268E7A6200346625 /* Build configuration list for PBXProject "Backdrop" */;
			compatibilityVersion = "Xcode 13.0";
			developmentRegion = en;
			hasScannedForEncodings = 0;
			knownRegions = (
				en,
				Base,
			);
			mainGroup = EDD82D2F268E7A6200346625;
			packageReferences = (
				EDD82D51268E7D2800346625 /* XCRemoteSwiftPackageReference "swift-composable-architecture" */,
				EDD82D67268E8CC800346625 /* XCRemoteSwiftPackageReference "CoreMLHelpers" */,
			);
			productRefGroup = EDD82D3D268E7A6300346625 /* Products */;
			projectDirPath = "";
			projectRoot = "";
			targets = (
				EDD82D3B268E7A6300346625 /* Backdrop (iOS) */,
				EDD82D41268E7A6300346625 /* Backdrop (macOS) */,
			);
		};
/* End PBXProject section */

/* Begin PBXResourcesBuildPhase section */
		EDD82D3A268E7A6300346625 /* Resources */ = {
			isa = PBXResourcesBuildPhase;
			buildActionMask = 2147483647;
			files = (
				EDD82D47268E7A6300346625 /* Assets.xcassets in Resources */,
				EDD82D71268E95F400346625 /* IMG_3953.jpeg in Resources */,
				EDCF6FDC2896C39A00F39032 /* slack-imgs.jpg in Resources */,
				EDD82D6B268E8D3B00346625 /* test.jpg in Resources */,
				EDD82D6E268E95D500346625 /* riggs.jpeg in Resources */,
			);
			runOnlyForDeploymentPostprocessing = 0;
		};
		EDD82D40268E7A6300346625 /* Resources */ = {
			isa = PBXResourcesBuildPhase;
			buildActionMask = 2147483647;
			files = (
				EDD82D48268E7A6300346625 /* Assets.xcassets in Resources */,
				EDD82D72268E95F400346625 /* IMG_3953.jpeg in Resources */,
				EDCF6FDD2896C39A00F39032 /* slack-imgs.jpg in Resources */,
				EDD82D6C268E8D3B00346625 /* test.jpg in Resources */,
				EDD82D6F268E95D500346625 /* riggs.jpeg in Resources */,
			);
			runOnlyForDeploymentPostprocessing = 0;
		};
/* End PBXResourcesBuildPhase section */

/* Begin PBXSourcesBuildPhase section */
		EDD82D38268E7A6300346625 /* Sources */ = {
			isa = PBXSourcesBuildPhase;
			buildActionMask = 2147483647;
			files = (
				EDD82D65268E87CA00346625 /* CIImage+Extension.swift in Sources */,
				EDD82D5F268E873400346625 /* UIImage+Extension.swift in Sources */,
				EDD82D45268E7A6300346625 /* BackdropView.swift in Sources */,
				EDD82D59268E7EF000346625 /* SampleBackdropStore.swift in Sources */,
				EDD82D62268E876100346625 /* DeepLabV3.mlmodel in Sources */,
				EDD82D43268E7A6300346625 /* Backdrop.swift in Sources */,
				EDD82D55268E7D5F00346625 /* BackdropReducer.swift in Sources */,
			);
			runOnlyForDeploymentPostprocessing = 0;
		};
		EDD82D3E268E7A6300346625 /* Sources */ = {
			isa = PBXSourcesBuildPhase;
			buildActionMask = 2147483647;
			files = (
				EDD82D66268E87CA00346625 /* CIImage+Extension.swift in Sources */,
				EDD82D60268E873400346625 /* UIImage+Extension.swift in Sources */,
				EDD82D46268E7A6300346625 /* BackdropView.swift in Sources */,
				EDD82D5A268E7EF000346625 /* SampleBackdropStore.swift in Sources */,
				EDD82D63268E876100346625 /* DeepLabV3.mlmodel in Sources */,
				EDD82D44268E7A6300346625 /* Backdrop.swift in Sources */,
				EDD82D56268E7D5F00346625 /* BackdropReducer.swift in Sources */,
			);
			runOnlyForDeploymentPostprocessing = 0;
		};
/* End PBXSourcesBuildPhase section */

/* Begin XCBuildConfiguration section */
		EDD82D49268E7A6300346625 /* Debug */ = {
			isa = XCBuildConfiguration;
			buildSettings = {
				ALWAYS_SEARCH_USER_PATHS = NO;
				CLANG_ANALYZER_NONNULL = YES;
				CLANG_ANALYZER_NUMBER_OBJECT_CONVERSION = YES_AGGRESSIVE;
				CLANG_CXX_LANGUAGE_STANDARD = "gnu++14";
				CLANG_CXX_LIBRARY = "libc++";
				CLANG_ENABLE_MODULES = YES;
				CLANG_ENABLE_OBJC_ARC = YES;
				CLANG_ENABLE_OBJC_WEAK = YES;
				CLANG_WARN_BLOCK_CAPTURE_AUTORELEASING = YES;
				CLANG_WARN_BOOL_CONVERSION = YES;
				CLANG_WARN_COMMA = YES;
				CLANG_WARN_CONSTANT_CONVERSION = YES;
				CLANG_WARN_DEPRECATED_OBJC_IMPLEMENTATIONS = YES;
				CLANG_WARN_DIRECT_OBJC_ISA_USAGE = YES_ERROR;
				CLANG_WARN_DOCUMENTATION_COMMENTS = YES;
				CLANG_WARN_EMPTY_BODY = YES;
				CLANG_WARN_ENUM_CONVERSION = YES;
				CLANG_WARN_INFINITE_RECURSION = YES;
				CLANG_WARN_INT_CONVERSION = YES;
				CLANG_WARN_NON_LITERAL_NULL_CONVERSION = YES;
				CLANG_WARN_OBJC_IMPLICIT_RETAIN_SELF = YES;
				CLANG_WARN_OBJC_LITERAL_CONVERSION = YES;
				CLANG_WARN_OBJC_ROOT_CLASS = YES_ERROR;
				CLANG_WARN_QUOTED_INCLUDE_IN_FRAMEWORK_HEADER = YES;
				CLANG_WARN_RANGE_LOOP_ANALYSIS = YES;
				CLANG_WARN_STRICT_PROTOTYPES = YES;
				CLANG_WARN_SUSPICIOUS_MOVE = YES;
				CLANG_WARN_UNGUARDED_AVAILABILITY = YES_AGGRESSIVE;
				CLANG_WARN_UNREACHABLE_CODE = YES;
				CLANG_WARN__DUPLICATE_METHOD_MATCH = YES;
				COPY_PHASE_STRIP = NO;
				DEBUG_INFORMATION_FORMAT = dwarf;
				ENABLE_STRICT_OBJC_MSGSEND = YES;
				ENABLE_TESTABILITY = YES;
				GCC_C_LANGUAGE_STANDARD = gnu11;
				GCC_DYNAMIC_NO_PIC = NO;
				GCC_NO_COMMON_BLOCKS = YES;
				GCC_OPTIMIZATION_LEVEL = 0;
				GCC_PREPROCESSOR_DEFINITIONS = (
					"DEBUG=1",
					"$(inherited)",
				);
				GCC_WARN_64_TO_32_BIT_CONVERSION = YES;
				GCC_WARN_ABOUT_RETURN_TYPE = YES_ERROR;
				GCC_WARN_UNDECLARED_SELECTOR = YES;
				GCC_WARN_UNINITIALIZED_AUTOS = YES_AGGRESSIVE;
				GCC_WARN_UNUSED_FUNCTION = YES;
				GCC_WARN_UNUSED_VARIABLE = YES;
				MTL_ENABLE_DEBUG_INFO = INCLUDE_SOURCE;
				MTL_FAST_MATH = YES;
				ONLY_ACTIVE_ARCH = YES;
				SWIFT_ACTIVE_COMPILATION_CONDITIONS = DEBUG;
				SWIFT_OPTIMIZATION_LEVEL = "-Onone";
			};
			name = Debug;
		};
		EDD82D4A268E7A6300346625 /* Release */ = {
			isa = XCBuildConfiguration;
			buildSettings = {
				ALWAYS_SEARCH_USER_PATHS = NO;
				CLANG_ANALYZER_NONNULL = YES;
				CLANG_ANALYZER_NUMBER_OBJECT_CONVERSION = YES_AGGRESSIVE;
				CLANG_CXX_LANGUAGE_STANDARD = "gnu++14";
				CLANG_CXX_LIBRARY = "libc++";
				CLANG_ENABLE_MODULES = YES;
				CLANG_ENABLE_OBJC_ARC = YES;
				CLANG_ENABLE_OBJC_WEAK = YES;
				CLANG_WARN_BLOCK_CAPTURE_AUTORELEASING = YES;
				CLANG_WARN_BOOL_CONVERSION = YES;
				CLANG_WARN_COMMA = YES;
				CLANG_WARN_CONSTANT_CONVERSION = YES;
				CLANG_WARN_DEPRECATED_OBJC_IMPLEMENTATIONS = YES;
				CLANG_WARN_DIRECT_OBJC_ISA_USAGE = YES_ERROR;
				CLANG_WARN_DOCUMENTATION_COMMENTS = YES;
				CLANG_WARN_EMPTY_BODY = YES;
				CLANG_WARN_ENUM_CONVERSION = YES;
				CLANG_WARN_INFINITE_RECURSION = YES;
				CLANG_WARN_INT_CONVERSION = YES;
				CLANG_WARN_NON_LITERAL_NULL_CONVERSION = YES;
				CLANG_WARN_OBJC_IMPLICIT_RETAIN_SELF = YES;
				CLANG_WARN_OBJC_LITERAL_CONVERSION = YES;
				CLANG_WARN_OBJC_ROOT_CLASS = YES_ERROR;
				CLANG_WARN_QUOTED_INCLUDE_IN_FRAMEWORK_HEADER = YES;
				CLANG_WARN_RANGE_LOOP_ANALYSIS = YES;
				CLANG_WARN_STRICT_PROTOTYPES = YES;
				CLANG_WARN_SUSPICIOUS_MOVE = YES;
				CLANG_WARN_UNGUARDED_AVAILABILITY = YES_AGGRESSIVE;
				CLANG_WARN_UNREACHABLE_CODE = YES;
				CLANG_WARN__DUPLICATE_METHOD_MATCH = YES;
				COPY_PHASE_STRIP = NO;
				DEBUG_INFORMATION_FORMAT = "dwarf-with-dsym";
				ENABLE_NS_ASSERTIONS = NO;
				ENABLE_STRICT_OBJC_MSGSEND = YES;
				GCC_C_LANGUAGE_STANDARD = gnu11;
				GCC_NO_COMMON_BLOCKS = YES;
				GCC_WARN_64_TO_32_BIT_CONVERSION = YES;
				GCC_WARN_ABOUT_RETURN_TYPE = YES_ERROR;
				GCC_WARN_UNDECLARED_SELECTOR = YES;
				GCC_WARN_UNINITIALIZED_AUTOS = YES_AGGRESSIVE;
				GCC_WARN_UNUSED_FUNCTION = YES;
				GCC_WARN_UNUSED_VARIABLE = YES;
				MTL_ENABLE_DEBUG_INFO = NO;
				MTL_FAST_MATH = YES;
				SWIFT_COMPILATION_MODE = wholemodule;
				SWIFT_OPTIMIZATION_LEVEL = "-O";
			};
			name = Release;
		};
		EDD82D4C268E7A6300346625 /* Debug */ = {
			isa = XCBuildConfiguration;
			buildSettings = {
				ASSETCATALOG_COMPILER_APPICON_NAME = AppIcon;
				ASSETCATALOG_COMPILER_GLOBAL_ACCENT_COLOR_NAME = AccentColor;
				CODE_SIGN_STYLE = Automatic;
				CURRENT_PROJECT_VERSION = 1;
				DEVELOPMENT_TEAM = K78G42H4U2;
				ENABLE_PREVIEWS = YES;
				GENERATE_INFOPLIST_FILE = YES;
				INFOPLIST_KEY_UIApplicationSceneManifest_Generation = YES;
				INFOPLIST_KEY_UIApplicationSupportsIndirectInputEvents = YES;
				INFOPLIST_KEY_UILaunchScreen_Generation = YES;
				INFOPLIST_KEY_UISupportedInterfaceOrientations_iPad = "UIInterfaceOrientationPortrait UIInterfaceOrientationPortraitUpsideDown UIInterfaceOrientationLandscapeLeft UIInterfaceOrientationLandscapeRight";
				INFOPLIST_KEY_UISupportedInterfaceOrientations_iPhone = "UIInterfaceOrientationPortrait UIInterfaceOrientationLandscapeLeft UIInterfaceOrientationLandscapeRight";
				IPHONEOS_DEPLOYMENT_TARGET = 14.0;
				LD_RUNPATH_SEARCH_PATHS = (
					"$(inherited)",
					"@executable_path/Frameworks",
				);
				MARKETING_VERSION = 1.0;
				PRODUCT_BUNDLE_IDENTIFIER = com.joeblau.Backdrop;
				PRODUCT_NAME = Backdrop;
				SDKROOT = iphoneos;
				SWIFT_EMIT_LOC_STRINGS = YES;
				SWIFT_VERSION = 5.0;
				TARGETED_DEVICE_FAMILY = "1,2";
			};
			name = Debug;
		};
		EDD82D4D268E7A6300346625 /* Release */ = {
			isa = XCBuildConfiguration;
			buildSettings = {
				ASSETCATALOG_COMPILER_APPICON_NAME = AppIcon;
				ASSETCATALOG_COMPILER_GLOBAL_ACCENT_COLOR_NAME = AccentColor;
				CODE_SIGN_STYLE = Automatic;
				CURRENT_PROJECT_VERSION = 1;
				DEVELOPMENT_TEAM = K78G42H4U2;
				ENABLE_PREVIEWS = YES;
				GENERATE_INFOPLIST_FILE = YES;
				INFOPLIST_KEY_UIApplicationSceneManifest_Generation = YES;
				INFOPLIST_KEY_UIApplicationSupportsIndirectInputEvents = YES;
				INFOPLIST_KEY_UILaunchScreen_Generation = YES;
				INFOPLIST_KEY_UISupportedInterfaceOrientations_iPad = "UIInterfaceOrientationPortrait UIInterfaceOrientationPortraitUpsideDown UIInterfaceOrientationLandscapeLeft UIInterfaceOrientationLandscapeRight";
				INFOPLIST_KEY_UISupportedInterfaceOrientations_iPhone = "UIInterfaceOrientationPortrait UIInterfaceOrientationLandscapeLeft UIInterfaceOrientationLandscapeRight";
				IPHONEOS_DEPLOYMENT_TARGET = 14.0;
				LD_RUNPATH_SEARCH_PATHS = (
					"$(inherited)",
					"@executable_path/Frameworks",
				);
				MARKETING_VERSION = 1.0;
				PRODUCT_BUNDLE_IDENTIFIER = com.joeblau.Backdrop;
				PRODUCT_NAME = Backdrop;
				SDKROOT = iphoneos;
				SWIFT_EMIT_LOC_STRINGS = YES;
				SWIFT_VERSION = 5.0;
				TARGETED_DEVICE_FAMILY = "1,2";
				VALIDATE_PRODUCT = YES;
			};
			name = Release;
		};
		EDD82D4F268E7A6300346625 /* Debug */ = {
			isa = XCBuildConfiguration;
			buildSettings = {
				ASSETCATALOG_COMPILER_APPICON_NAME = AppIcon;
				ASSETCATALOG_COMPILER_GLOBAL_ACCENT_COLOR_NAME = AccentColor;
				CODE_SIGN_STYLE = Automatic;
				COMBINE_HIDPI_IMAGES = YES;
				CURRENT_PROJECT_VERSION = 1;
				DEVELOPMENT_TEAM = K78G42H4U2;
				ENABLE_APP_SANDBOX = YES;
				ENABLE_HARDENED_RUNTIME = YES;
				ENABLE_PREVIEWS = YES;
				ENABLE_USER_SELECTED_FILES = readonly;
				GENERATE_INFOPLIST_FILE = YES;
				INFOPLIST_KEY_NSHumanReadableCopyright = "";
				LD_RUNPATH_SEARCH_PATHS = (
					"$(inherited)",
					"@executable_path/../Frameworks",
				);
				MACOSX_DEPLOYMENT_TARGET = 11.0;
				MARKETING_VERSION = 1.0;
				PRODUCT_BUNDLE_IDENTIFIER = com.joeblau.Backdrop;
				PRODUCT_NAME = Backdrop;
				SDKROOT = macosx;
				SWIFT_EMIT_LOC_STRINGS = YES;
				SWIFT_VERSION = 5.0;
			};
			name = Debug;
		};
		EDD82D50268E7A6300346625 /* Release */ = {
			isa = XCBuildConfiguration;
			buildSettings = {
				ASSETCATALOG_COMPILER_APPICON_NAME = AppIcon;
				ASSETCATALOG_COMPILER_GLOBAL_ACCENT_COLOR_NAME = AccentColor;
				CODE_SIGN_STYLE = Automatic;
				COMBINE_HIDPI_IMAGES = YES;
				CURRENT_PROJECT_VERSION = 1;
				DEVELOPMENT_TEAM = K78G42H4U2;
				ENABLE_APP_SANDBOX = YES;
				ENABLE_HARDENED_RUNTIME = YES;
				ENABLE_PREVIEWS = YES;
				ENABLE_USER_SELECTED_FILES = readonly;
				GENERATE_INFOPLIST_FILE = YES;
				INFOPLIST_KEY_NSHumanReadableCopyright = "";
				LD_RUNPATH_SEARCH_PATHS = (
					"$(inherited)",
					"@executable_path/../Frameworks",
				);
				MACOSX_DEPLOYMENT_TARGET = 11.0;
				MARKETING_VERSION = 1.0;
				PRODUCT_BUNDLE_IDENTIFIER = com.joeblau.Backdrop;
				PRODUCT_NAME = Backdrop;
				SDKROOT = macosx;
				SWIFT_EMIT_LOC_STRINGS = YES;
				SWIFT_VERSION = 5.0;
			};
			name = Release;
		};
/* End XCBuildConfiguration section */

/* Begin XCConfigurationList section */
		EDD82D33268E7A6200346625 /* Build configuration list for PBXProject "Backdrop" */ = {
			isa = XCConfigurationList;
			buildConfigurations = (
				EDD82D49268E7A6300346625 /* Debug */,
				EDD82D4A268E7A6300346625 /* Release */,
			);
			defaultConfigurationIsVisible = 0;
			defaultConfigurationName = Release;
		};
		EDD82D4B268E7A6300346625 /* Build configuration list for PBXNativeTarget "Backdrop (iOS)" */ = {
			isa = XCConfigurationList;
			buildConfigurations = (
				EDD82D4C268E7A6300346625 /* Debug */,
				EDD82D4D268E7A6300346625 /* Release */,
			);
			defaultConfigurationIsVisible = 0;
			defaultConfigurationName = Release;
		};
		EDD82D4E268E7A6300346625 /* Build configuration list for PBXNativeTarget "Backdrop (macOS)" */ = {
			isa = XCConfigurationList;
			buildConfigurations = (
				EDD82D4F268E7A6300346625 /* Debug */,
				EDD82D50268E7A6300346625 /* Release */,
			);
			defaultConfigurationIsVisible = 0;
			defaultConfigurationName = Release;
		};
/* End XCConfigurationList section */

/* Begin XCRemoteSwiftPackageReference section */
		EDD82D51268E7D2800346625 /* XCRemoteSwiftPackageReference "swift-composable-architecture" */ = {
			isa = XCRemoteSwiftPackageReference;
			repositoryURL = "https://github.com/pointfreeco/swift-composable-architecture";
			requirement = {
				kind = upToNextMajorVersion;
				minimumVersion = 0.9.0;
			};
		};
		EDD82D67268E8CC800346625 /* XCRemoteSwiftPackageReference "CoreMLHelpers" */ = {
			isa = XCRemoteSwiftPackageReference;
			repositoryURL = "https://github.com/joeblau/CoreMLHelpers";
			requirement = {
				branch = master;
				kind = branch;
			};
		};
/* End XCRemoteSwiftPackageReference section */

/* Begin XCSwiftPackageProductDependency section */
		EDD82D52268E7D2800346625 /* ComposableArchitecture */ = {
			isa = XCSwiftPackageProductDependency;
			package = EDD82D51268E7D2800346625 /* XCRemoteSwiftPackageReference "swift-composable-architecture" */;
			productName = ComposableArchitecture;
		};
		EDD82D5C268E802000346625 /* ComposableArchitecture */ = {
			isa = XCSwiftPackageProductDependency;
			package = EDD82D51268E7D2800346625 /* XCRemoteSwiftPackageReference "swift-composable-architecture" */;
			productName = ComposableArchitecture;
		};
		EDD82D68268E8CC800346625 /* CoreMLHelpers */ = {
			isa = XCSwiftPackageProductDependency;
			package = EDD82D67268E8CC800346625 /* XCRemoteSwiftPackageReference "CoreMLHelpers" */;
			productName = CoreMLHelpers;
		};
/* End XCSwiftPackageProductDependency section */
	};
	rootObject = EDD82D30268E7A6200346625 /* Project object */;
}
